
Microsoft Visual Studio Solution File, Format Version 12.00
# Visual Studio Version 17
VisualStudioVersion = 17.8.34525.116
MinimumVisualStudioVersion = 10.0.40219.1
Project("{FAE04EC0-301F-11D3-BF4B-00C04F79EFBC}") = "ConsoleAppsoma", "ConsoleAppsoma\ConsoleAppsoma.csproj", "{037DF457-5ED1-4670-8B8B-F0C1E324321C}"
EndProject
Global
	GlobalSection(SolutionConfigurationPlatforms) = preSolution
		Debug|Any CPU = Debug|Any CPU
		Release|Any CPU = Release|Any CPU
	EndGlobalSection
	GlobalSection(ProjectConfigurationPlatforms) = postSolution
		{037DF457-5ED1-4670-8B8B-F0C1E324321C}.Debug|Any CPU.ActiveCfg = Debug|Any CPU
		{037DF457-5ED1-4670-8B8B-F0C1E324321C}.Debug|Any CPU.Build.0 = Debug|Any CPU
		{037DF457-5ED1-4670-8B8B-F0C1E324321C}.Release|Any CPU.ActiveCfg = Release|Any CPU
		{037DF457-5ED1-4670-8B8B-F0C1E324321C}.Release|Any CPU.Build.0 = Release|Any CPU
	EndGlobalSection
	GlobalSection(SolutionProperties) = preSolution
		HideSolutionNode = FALSE
	EndGlobalSection
	GlobalSection(ExtensibilityGlobals) = postSolution
		SolutionGuid = {6EC16F9D-0DB8-4C1C-B1F1-ED41C9B2B910}
	EndGlobalSection
EndGlobal
